// !$*UTF8*$!
{
	archiveVersion = 1;
	classes = {
	};
	objectVersion = 56;
	objects = {

/* Begin PBXBuildFile section */
		372FAAE62BB46BF0007D0F0B /* WBQRCodeScanner in Frameworks */ = {isa = PBXBuildFile; productRef = 372FAAE52BB46BF0007D0F0B /* WBQRCodeScanner */; };
		378D69F52BB418920021B7E6 /* WBQRCodeScanner in Frameworks */ = {isa = PBXBuildFile; productRef = 378D69F42BB418920021B7E6 /* WBQRCodeScanner */; };
		37AE35942BB415F000ADCB6B /* WBQRCodeScannerDemoApp.swift in Sources */ = {isa = PBXBuildFile; fileRef = 37AE35932BB415F000ADCB6B /* WBQRCodeScannerDemoApp.swift */; };
		37AE35962BB415F000ADCB6B /* ContentView.swift in Sources */ = {isa = PBXBuildFile; fileRef = 37AE35952BB415F000ADCB6B /* ContentView.swift */; };
		37AE35982BB415F200ADCB6B /* Assets.xcassets in Resources */ = {isa = PBXBuildFile; fileRef = 37AE35972BB415F200ADCB6B /* Assets.xcassets */; };
		37AE359B2BB415F200ADCB6B /* Preview Assets.xcassets in Resources */ = {isa = PBXBuildFile; fileRef = 37AE359A2BB415F200ADCB6B /* Preview Assets.xcassets */; };
		37AE35AD2BB4184B00ADCB6B /* WBQRCodeScanner in Frameworks */ = {isa = PBXBuildFile; productRef = 37AE35AC2BB4184B00ADCB6B /* WBQRCodeScanner */; };
/* End PBXBuildFile section */

/* Begin PBXFileReference section */
		37AE35902BB415F000ADCB6B /* WBQRCodeScannerDemo.app */ = {isa = PBXFileReference; explicitFileType = wrapper.application; includeInIndex = 0; path = WBQRCodeScannerDemo.app; sourceTree = BUILT_PRODUCTS_DIR; };
		37AE35932BB415F000ADCB6B /* WBQRCodeScannerDemoApp.swift */ = {isa = PBXFileReference; lastKnownFileType = sourcecode.swift; path = WBQRCodeScannerDemoApp.swift; sourceTree = "<group>"; };
		37AE35952BB415F000ADCB6B /* ContentView.swift */ = {isa = PBXFileReference; lastKnownFileType = sourcecode.swift; path = ContentView.swift; sourceTree = "<group>"; };
		37AE35972BB415F200ADCB6B /* Assets.xcassets */ = {isa = PBXFileReference; lastKnownFileType = folder.assetcatalog; path = Assets.xcassets; sourceTree = "<group>"; };
		37AE359A2BB415F200ADCB6B /* Preview Assets.xcassets */ = {isa = PBXFileReference; lastKnownFileType = folder.assetcatalog; path = "Preview Assets.xcassets"; sourceTree = "<group>"; };
/* End PBXFileReference section */

/* Begin PBXFrameworksBuildPhase section */
		37AE358D2BB415F000ADCB6B /* Frameworks */ = {
			isa = PBXFrameworksBuildPhase;
			buildActionMask = 2147483647;
			files = (
				372FAAE62BB46BF0007D0F0B /* WBQRCodeScanner in Frameworks */,
				378D69F52BB418920021B7E6 /* WBQRCodeScanner in Frameworks */,
				37AE35AD2BB4184B00ADCB6B /* WBQRCodeScanner in Frameworks */,
			);
			runOnlyForDeploymentPostprocessing = 0;
		};
/* End PBXFrameworksBuildPhase section */

/* Begin PBXGroup section */
		37AE35872BB415F000ADCB6B = {
			isa = PBXGroup;
			children = (
				37AE35922BB415F000ADCB6B /* WBQRCodeScannerDemo */,
				37AE35912BB415F000ADCB6B /* Products */,
			);
			sourceTree = "<group>";
		};
		37AE35912BB415F000ADCB6B /* Products */ = {
			isa = PBXGroup;
			children = (
				37AE35902BB415F000ADCB6B /* WBQRCodeScannerDemo.app */,
			);
			name = Products;
			sourceTree = "<group>";
		};
		37AE35922BB415F000ADCB6B /* WBQRCodeScannerDemo */ = {
			isa = PBXGroup;
			children = (
				37AE35932BB415F000ADCB6B /* WBQRCodeScannerDemoApp.swift */,
				37AE35952BB415F000ADCB6B /* ContentView.swift */,
				37AE35972BB415F200ADCB6B /* Assets.xcassets */,
				37AE35992BB415F200ADCB6B /* Preview Content */,
			);
			path = WBQRCodeScannerDemo;
			sourceTree = "<group>";
		};
		37AE35992BB415F200ADCB6B /* Preview Content */ = {
			isa = PBXGroup;
			children = (
				37AE359A2BB415F200ADCB6B /* Preview Assets.xcassets */,
			);
			path = "Preview Content";
			sourceTree = "<group>";
		};
/* End PBXGroup section */

/* Begin PBXNativeTarget section */
		37AE358F2BB415F000ADCB6B /* WBQRCodeScannerDemo */ = {
			isa = PBXNativeTarget;
			buildConfigurationList = 37AE359E2BB415F200ADCB6B /* Build configuration list for PBXNativeTarget "WBQRCodeScannerDemo" */;
			buildPhases = (
				37AE358C2BB415F000ADCB6B /* Sources */,
				37AE358D2BB415F000ADCB6B /* Frameworks */,
				37AE358E2BB415F000ADCB6B /* Resources */,
			);
			buildRules = (
			);
			dependencies = (
			);
			name = WBQRCodeScannerDemo;
			packageProductDependencies = (
				37AE35AC2BB4184B00ADCB6B /* WBQRCodeScanner */,
				378D69F42BB418920021B7E6 /* WBQRCodeScanner */,
				372FAAE52BB46BF0007D0F0B /* WBQRCodeScanner */,
			);
			productName = WBQRCodeScannerDemo;
			productReference = 37AE35902BB415F000ADCB6B /* WBQRCodeScannerDemo.app */;
			productType = "com.apple.product-type.application";
		};
/* End PBXNativeTarget section */

/* Begin PBXProject section */
		37AE35882BB415F000ADCB6B /* Project object */ = {
			isa = PBXProject;
			attributes = {
				BuildIndependentTargetsInParallel = 1;
				LastSwiftUpdateCheck = 1530;
				LastUpgradeCheck = 1530;
				TargetAttributes = {
					37AE358F2BB415F000ADCB6B = {
						CreatedOnToolsVersion = 15.3;
					};
				};
			};
			buildConfigurationList = 37AE358B2BB415F000ADCB6B /* Build configuration list for PBXProject "WBQRCodeScannerDemo" */;
			compatibilityVersion = "Xcode 14.0";
			developmentRegion = en;
			hasScannedForEncodings = 0;
			knownRegions = (
				en,
				Base,
			);
			mainGroup = 37AE35872BB415F000ADCB6B;
			packageReferences = (
				372FAAE42BB46BF0007D0F0B /* XCRemoteSwiftPackageReference "WBQRCodeScanner" */,
			);
			productRefGroup = 37AE35912BB415F000ADCB6B /* Products */;
			projectDirPath = "";
			projectRoot = "";
			targets = (
				37AE358F2BB415F000ADCB6B /* WBQRCodeScannerDemo */,
			);
		};
/* End PBXProject section */

/* Begin PBXResourcesBuildPhase section */
		37AE358E2BB415F000ADCB6B /* Resources */ = {
			isa = PBXResourcesBuildPhase;
			buildActionMask = 2147483647;
			files = (
				37AE359B2BB415F200ADCB6B /* Preview Assets.xcassets in Resources */,
				37AE35982BB415F200ADCB6B /* Assets.xcassets in Resources */,
			);
			runOnlyForDeploymentPostprocessing = 0;
		};
/* End PBXResourcesBuildPhase section */

/* Begin PBXSourcesBuildPhase section */
		37AE358C2BB415F000ADCB6B /* Sources */ = {
			isa = PBXSourcesBuildPhase;
			buildActionMask = 2147483647;
			files = (
				37AE35962BB415F000ADCB6B /* ContentView.swift in Sources */,
				37AE35942BB415F000ADCB6B /* WBQRCodeScannerDemoApp.swift in Sources */,
			);
			runOnlyForDeploymentPostprocessing = 0;
		};
/* End PBXSourcesBuildPhase section */

/* Begin XCBuildConfiguration section */
		37AE359C2BB415F200ADCB6B /* Debug */ = {
			isa = XCBuildConfiguration;
			buildSettings = {
				ALWAYS_SEARCH_USER_PATHS = NO;
				ASSETCATALOG_COMPILER_GENERATE_SWIFT_ASSET_SYMBOL_EXTENSIONS = YES;
				CLANG_ANALYZER_NONNULL = YES;
				CLANG_ANALYZER_NUMBER_OBJECT_CONVERSION = YES_AGGRESSIVE;
				CLANG_CXX_LANGUAGE_STANDARD = "gnu++20";
				CLANG_ENABLE_MODULES = YES;
				CLANG_ENABLE_OBJC_ARC = YES;
				CLANG_ENABLE_OBJC_WEAK = YES;
				CLANG_WARN_BLOCK_CAPTURE_AUTORELEASING = YES;
				CLANG_WARN_BOOL_CONVERSION = YES;
				CLANG_WARN_COMMA = YES;
				CLANG_WARN_CONSTANT_CONVERSION = YES;
				CLANG_WARN_DEPRECATED_OBJC_IMPLEMENTATIONS = YES;
				CLANG_WARN_DIRECT_OBJC_ISA_USAGE = YES_ERROR;
				CLANG_WARN_DOCUMENTATION_COMMENTS = YES;
				CLANG_WARN_EMPTY_BODY = YES;
				CLANG_WARN_ENUM_CONVERSION = YES;
				CLANG_WARN_INFINITE_RECURSION = YES;
				CLANG_WARN_INT_CONVERSION = YES;
				CLANG_WARN_NON_LITERAL_NULL_CONVERSION = YES;
				CLANG_WARN_OBJC_IMPLICIT_RETAIN_SELF = YES;
				CLANG_WARN_OBJC_LITERAL_CONVERSION = YES;
				CLANG_WARN_OBJC_ROOT_CLASS = YES_ERROR;
				CLANG_WARN_QUOTED_INCLUDE_IN_FRAMEWORK_HEADER = YES;
				CLANG_WARN_RANGE_LOOP_ANALYSIS = YES;
				CLANG_WARN_STRICT_PROTOTYPES = YES;
				CLANG_WARN_SUSPICIOUS_MOVE = YES;
				CLANG_WARN_UNGUARDED_AVAILABILITY = YES_AGGRESSIVE;
				CLANG_WARN_UNREACHABLE_CODE = YES;
				CLANG_WARN__DUPLICATE_METHOD_MATCH = YES;
				COPY_PHASE_STRIP = NO;
				DEBUG_INFORMATION_FORMAT = dwarf;
				ENABLE_STRICT_OBJC_MSGSEND = YES;
				ENABLE_TESTABILITY = YES;
				ENABLE_USER_SCRIPT_SANDBOXING = YES;
				GCC_C_LANGUAGE_STANDARD = gnu17;
				GCC_DYNAMIC_NO_PIC = NO;
				GCC_NO_COMMON_BLOCKS = YES;
				GCC_OPTIMIZATION_LEVEL = 0;
				GCC_PREPROCESSOR_DEFINITIONS = (
					"DEBUG=1",
					"$(inherited)",
				);
				GCC_WARN_64_TO_32_BIT_CONVERSION = YES;
				GCC_WARN_ABOUT_RETURN_TYPE = YES_ERROR;
				GCC_WARN_UNDECLARED_SELECTOR = YES;
				GCC_WARN_UNINITIALIZED_AUTOS = YES_AGGRESSIVE;
				GCC_WARN_UNUSED_FUNCTION = YES;
				GCC_WARN_UNUSED_VARIABLE = YES;
				IPHONEOS_DEPLOYMENT_TARGET = 15.0;
				LOCALIZATION_PREFERS_STRING_CATALOGS = YES;
				MTL_ENABLE_DEBUG_INFO = INCLUDE_SOURCE;
				MTL_FAST_MATH = YES;
				ONLY_ACTIVE_ARCH = YES;
				SDKROOT = iphoneos;
				SWIFT_ACTIVE_COMPILATION_CONDITIONS = "DEBUG $(inherited)";
				SWIFT_OPTIMIZATION_LEVEL = "-Onone";
			};
			name = Debug;
		};
		37AE359D2BB415F200ADCB6B /* Release */ = {
			isa = XCBuildConfiguration;
			buildSettings = {
				ALWAYS_SEARCH_USER_PATHS = NO;
				ASSETCATALOG_COMPILER_GENERATE_SWIFT_ASSET_SYMBOL_EXTENSIONS = YES;
				CLANG_ANALYZER_NONNULL = YES;
				CLANG_ANALYZER_NUMBER_OBJECT_CONVERSION = YES_AGGRESSIVE;
				CLANG_CXX_LANGUAGE_STANDARD = "gnu++20";
				CLANG_ENABLE_MODULES = YES;
				CLANG_ENABLE_OBJC_ARC = YES;
				CLANG_ENABLE_OBJC_WEAK = YES;
				CLANG_WARN_BLOCK_CAPTURE_AUTORELEASING = YES;
				CLANG_WARN_BOOL_CONVERSION = YES;
				CLANG_WARN_COMMA = YES;
				CLANG_WARN_CONSTANT_CONVERSION = YES;
				CLANG_WARN_DEPRECATED_OBJC_IMPLEMENTATIONS = YES;
				CLANG_WARN_DIRECT_OBJC_ISA_USAGE = YES_ERROR;
				CLANG_WARN_DOCUMENTATION_COMMENTS = YES;
				CLANG_WARN_EMPTY_BODY = YES;
				CLANG_WARN_ENUM_CONVERSION = YES;
				CLANG_WARN_INFINITE_RECURSION = YES;
				CLANG_WARN_INT_CONVERSION = YES;
				CLANG_WARN_NON_LITERAL_NULL_CONVERSION = YES;
				CLANG_WARN_OBJC_IMPLICIT_RETAIN_SELF = YES;
				CLANG_WARN_OBJC_LITERAL_CONVERSION = YES;
				CLANG_WARN_OBJC_ROOT_CLASS = YES_ERROR;
				CLANG_WARN_QUOTED_INCLUDE_IN_FRAMEWORK_HEADER = YES;
				CLANG_WARN_RANGE_LOOP_ANALYSIS = YES;
				CLANG_WARN_STRICT_PROTOTYPES = YES;
				CLANG_WARN_SUSPICIOUS_MOVE = YES;
				CLANG_WARN_UNGUARDED_AVAILABILITY = YES_AGGRESSIVE;
				CLANG_WARN_UNREACHABLE_CODE = YES;
				CLANG_WARN__DUPLICATE_METHOD_MATCH = YES;
				COPY_PHASE_STRIP = NO;
				DEBUG_INFORMATION_FORMAT = "dwarf-with-dsym";
				ENABLE_NS_ASSERTIONS = NO;
				ENABLE_STRICT_OBJC_MSGSEND = YES;
				ENABLE_USER_SCRIPT_SANDBOXING = YES;
				GCC_C_LANGUAGE_STANDARD = gnu17;
				GCC_NO_COMMON_BLOCKS = YES;
				GCC_WARN_64_TO_32_BIT_CONVERSION = YES;
				GCC_WARN_ABOUT_RETURN_TYPE = YES_ERROR;
				GCC_WARN_UNDECLARED_SELECTOR = YES;
				GCC_WARN_UNINITIALIZED_AUTOS = YES_AGGRESSIVE;
				GCC_WARN_UNUSED_FUNCTION = YES;
				GCC_WARN_UNUSED_VARIABLE = YES;
				IPHONEOS_DEPLOYMENT_TARGET = 15.0;
				LOCALIZATION_PREFERS_STRING_CATALOGS = YES;
				MTL_ENABLE_DEBUG_INFO = NO;
				MTL_FAST_MATH = YES;
				SDKROOT = iphoneos;
				SWIFT_COMPILATION_MODE = wholemodule;
				VALIDATE_PRODUCT = YES;
			};
			name = Release;
		};
		37AE359F2BB415F200ADCB6B /* Debug */ = {
			isa = XCBuildConfiguration;
			buildSettings = {
				ASSETCATALOG_COMPILER_APPICON_NAME = AppIcon;
				ASSETCATALOG_COMPILER_GLOBAL_ACCENT_COLOR_NAME = AccentColor;
				CODE_SIGN_STYLE = Automatic;
				CURRENT_PROJECT_VERSION = 1;
				DEVELOPMENT_ASSET_PATHS = "\"WBQRCodeScannerDemo/Preview Content\"";
				DEVELOPMENT_TEAM = WKH6Q72B79;
				ENABLE_PREVIEWS = YES;
				GENERATE_INFOPLIST_FILE = YES;
				INFOPLIST_KEY_NSCameraUsageDescription = QRScan;
				INFOPLIST_KEY_UIApplicationSceneManifest_Generation = YES;
				INFOPLIST_KEY_UIApplicationSupportsIndirectInputEvents = YES;
				INFOPLIST_KEY_UILaunchScreen_Generation = YES;
				INFOPLIST_KEY_UISupportedInterfaceOrientations = UIInterfaceOrientationPortrait;
				INFOPLIST_KEY_UISupportedInterfaceOrientations_iPad = "UIInterfaceOrientationLandscapeLeft UIInterfaceOrientationLandscapeRight UIInterfaceOrientationPortrait UIInterfaceOrientationPortraitUpsideDown";
				LD_RUNPATH_SEARCH_PATHS = (
					"$(inherited)",
					"@executable_path/Frameworks",
				);
				MARKETING_VERSION = 1.0;
				PRODUCT_BUNDLE_IDENTIFIER = qrcode.scanner.WBQRCodeScannerDemo;
				PRODUCT_NAME = "$(TARGET_NAME)";
				SWIFT_EMIT_LOC_STRINGS = YES;
				SWIFT_VERSION = 5.0;
				TARGETED_DEVICE_FAMILY = "1,2";
			};
			name = Debug;
		};
		37AE35A02BB415F200ADCB6B /* Release */ = {
			isa = XCBuildConfiguration;
			buildSettings = {
				ASSETCATALOG_COMPILER_APPICON_NAME = AppIcon;
				ASSETCATALOG_COMPILER_GLOBAL_ACCENT_COLOR_NAME = AccentColor;
				CODE_SIGN_STYLE = Automatic;
				CURRENT_PROJECT_VERSION = 1;
				DEVELOPMENT_ASSET_PATHS = "\"WBQRCodeScannerDemo/Preview Content\"";
				DEVELOPMENT_TEAM = WKH6Q72B79;
				ENABLE_PREVIEWS = YES;
				GENERATE_INFOPLIST_FILE = YES;
				INFOPLIST_KEY_NSCameraUsageDescription = QRScan;
				INFOPLIST_KEY_UIApplicationSceneManifest_Generation = YES;
				INFOPLIST_KEY_UIApplicationSupportsIndirectInputEvents = YES;
				INFOPLIST_KEY_UILaunchScreen_Generation = YES;
				INFOPLIST_KEY_UISupportedInterfaceOrientations = UIInterfaceOrientationPortrait;
				INFOPLIST_KEY_UISupportedInterfaceOrientations_iPad = "UIInterfaceOrientationLandscapeLeft UIInterfaceOrientationLandscapeRight UIInterfaceOrientationPortrait UIInterfaceOrientationPortraitUpsideDown";
				LD_RUNPATH_SEARCH_PATHS = (
					"$(inherited)",
					"@executable_path/Frameworks",
				);
				MARKETING_VERSION = 1.0;
				PRODUCT_BUNDLE_IDENTIFIER = qrcode.scanner.WBQRCodeScannerDemo;
				PRODUCT_NAME = "$(TARGET_NAME)";
				SWIFT_EMIT_LOC_STRINGS = YES;
				SWIFT_VERSION = 5.0;
				TARGETED_DEVICE_FAMILY = "1,2";
			};
			name = Release;
		};
/* End XCBuildConfiguration section */

/* Begin XCConfigurationList section */
		37AE358B2BB415F000ADCB6B /* Build configuration list for PBXProject "WBQRCodeScannerDemo" */ = {
			isa = XCConfigurationList;
			buildConfigurations = (
				37AE359C2BB415F200ADCB6B /* Debug */,
				37AE359D2BB415F200ADCB6B /* Release */,
			);
			defaultConfigurationIsVisible = 0;
			defaultConfigurationName = Release;
		};
		37AE359E2BB415F200ADCB6B /* Build configuration list for PBXNativeTarget "WBQRCodeScannerDemo" */ = {
			isa = XCConfigurationList;
			buildConfigurations = (
				37AE359F2BB415F200ADCB6B /* Debug */,
				37AE35A02BB415F200ADCB6B /* Release */,
			);
			defaultConfigurationIsVisible = 0;
			defaultConfigurationName = Release;
		};
/* End XCConfigurationList section */

/* Begin XCRemoteSwiftPackageReference section */
		372FAAE42BB46BF0007D0F0B /* XCRemoteSwiftPackageReference "WBQRCodeScanner" */ = {
			isa = XCRemoteSwiftPackageReference;
			repositoryURL = "https://github.com/WBearJ/WBQRCodeScanner.git";
			requirement = {
				branch = dev;
				kind = branch;
			};
		};
/* End XCRemoteSwiftPackageReference section */

/* Begin XCSwiftPackageProductDependency section */
		372FAAE52BB46BF0007D0F0B /* WBQRCodeScanner */ = {
			isa = XCSwiftPackageProductDependency;
			package = 372FAAE42BB46BF0007D0F0B /* XCRemoteSwiftPackageReference "WBQRCodeScanner" */;
			productName = WBQRCodeScanner;
		};
		378D69F42BB418920021B7E6 /* WBQRCodeScanner */ = {
			isa = XCSwiftPackageProductDependency;
			productName = WBQRCodeScanner;
		};
		37AE35AC2BB4184B00ADCB6B /* WBQRCodeScanner */ = {
			isa = XCSwiftPackageProductDependency;
			productName = WBQRCodeScanner;
		};
/* End XCSwiftPackageProductDependency section */
	};
	rootObject = 37AE35882BB415F000ADCB6B /* Project object */;
}
